
Microsoft Visual Studio Solution File, Format Version 12.00
# Visual Studio Version 17
VisualStudioVersion = 17.3.32819.101
MinimumVisualStudioVersion = 10.0.40219.1
Project("{FAE04EC0-301F-11D3-BF4B-00C04F79EFBC}") = "Clase_06", "Clase_06.csproj", "{04B786E2-D108-42E1-8CAB-098F68FAB9A8}"
EndProject
Project("{FAE04EC0-301F-11D3-BF4B-00C04F79EFBC}") = "Biblioteca", "..\Biblioteca\Biblioteca.csproj", "{6B6781CB-FBD9-4596-83E8-FC0FDEC74064}"
EndProject
Global
	GlobalSection(SolutionConfigurationPlatforms) = preSolution
		Debug|Any CPU = Debug|Any CPU
		Release|Any CPU = Release|Any CPU
	EndGlobalSection
	GlobalSection(ProjectConfigurationPlatforms) = postSolution
		{04B786E2-D108-42E1-8CAB-098F68FAB9A8}.Debug|Any CPU.ActiveCfg = Debug|Any CPU
		{04B786E2-D108-42E1-8CAB-098F68FAB9A8}.Debug|Any CPU.Build.0 = Debug|Any CPU
		{04B786E2-D108-42E1-8CAB-098F68FAB9A8}.Release|Any CPU.ActiveCfg = Release|Any CPU
		{04B786E2-D108-42E1-8CAB-098F68FAB9A8}.Release|Any CPU.Build.0 = Release|Any CPU
		{6B6781CB-FBD9-4596-83E8-FC0FDEC74064}.Debug|Any CPU.ActiveCfg = Debug|Any CPU
		{6B6781CB-FBD9-4596-83E8-FC0FDEC74064}.Debug|Any CPU.Build.0 = Debug|Any CPU
		{6B6781CB-FBD9-4596-83E8-FC0FDEC74064}.Release|Any CPU.ActiveCfg = Release|Any CPU
		{6B6781CB-FBD9-4596-83E8-FC0FDEC74064}.Release|Any CPU.Build.0 = Release|Any CPU
	EndGlobalSection
	GlobalSection(SolutionProperties) = preSolution
		HideSolutionNode = FALSE
	EndGlobalSection
	GlobalSection(ExtensibilityGlobals) = postSolution
		SolutionGuid = {0A20D3C2-E8CB-4F5D-85E7-D5226F605B54}
	EndGlobalSection
EndGlobal
